
Microsoft Visual Studio Solution File, Format Version 12.00
# Visual Studio Version 16
VisualStudioVersion = 16.0.31515.178
MinimumVisualStudioVersion = 10.0.40219.1
Project("{9092AA53-FB77-4645-B42D-1CCCA6BD08BD}") = "IPCDemo.Electron", "IPCDemo.Electron\IPCDemo.Electron.njsproj", "{DCB352E9-2E43-4C0E-A79B-CFBB4627BD50}"
	ProjectSection(ProjectDependencies) = postProject
		{699E5CEB-34F2-4B7F-9018-C776776F47F8} = {699E5CEB-34F2-4B7F-9018-C776776F47F8}
	EndProjectSection
EndProject
Project("{FAE04EC0-301F-11D3-BF4B-00C04F79EFBC}") = "IPCDemo.CS", "IPCDemo.CS\IPCDemo.CS.csproj", "{699E5CEB-34F2-4B7F-9018-C776776F47F8}"
EndProject
Global
	GlobalSection(SolutionConfigurationPlatforms) = preSolution
		Debug|Any CPU = Debug|Any CPU
		Release|Any CPU = Release|Any CPU
	EndGlobalSection
	GlobalSection(ProjectConfigurationPlatforms) = postSolution
		{DCB352E9-2E43-4C0E-A79B-CFBB4627BD50}.Debug|Any CPU.ActiveCfg = Debug|Any CPU
		{DCB352E9-2E43-4C0E-A79B-CFBB4627BD50}.Debug|Any CPU.Build.0 = Debug|Any CPU
		{DCB352E9-2E43-4C0E-A79B-CFBB4627BD50}.Release|Any CPU.ActiveCfg = Release|Any CPU
		{DCB352E9-2E43-4C0E-A79B-CFBB4627BD50}.Release|Any CPU.Build.0 = Release|Any CPU
		{699E5CEB-34F2-4B7F-9018-C776776F47F8}.Debug|Any CPU.ActiveCfg = Debug|Any CPU
		{699E5CEB-34F2-4B7F-9018-C776776F47F8}.Debug|Any CPU.Build.0 = Debug|Any CPU
		{699E5CEB-34F2-4B7F-9018-C776776F47F8}.Release|Any CPU.ActiveCfg = Release|Any CPU
		{699E5CEB-34F2-4B7F-9018-C776776F47F8}.Release|Any CPU.Build.0 = Release|Any CPU
	EndGlobalSection
	GlobalSection(SolutionProperties) = preSolution
		HideSolutionNode = FALSE
	EndGlobalSection
	GlobalSection(ExtensibilityGlobals) = postSolution
		SolutionGuid = {A0C5703F-281B-4C68-8768-054141DE3D4A}
	EndGlobalSection
EndGlobal
